{
    "version": 3,
    "terraform_version": "0.11.13",
    "serial": 11,
    "lineage": "7cfc7919-549f-f28b-b4e3-d432d8861f64",
    "modules": [
        {
            "path": [
                "root"
            ],
            "outputs": {},
            "resources": {
                "aws_cloudwatch_event_rule.CloudBuildEvent": {
                    "type": "aws_cloudwatch_event_rule",
                    "depends_on": [],
                    "primary": {
                        "id": "every_5_min",
                        "attributes": {
                            "arn": "arn:aws:events:eu-central-1:782386709904:rule/every_5_min",
                            "description": "Build every 5 min",
                            "id": "every_5_min",
                            "is_enabled": "true",
                            "name": "every_5_min",
                            "role_arn": "",
                            "schedule_expression": "rate(5 minutes)"
                        },
                        "meta": {},
                        "tainted": false
                    },
                    "deposed": [],
                    "provider": "provider.aws"
                },
                "aws_cloudwatch_event_target.CodeBuildTarget": {
                    "type": "aws_cloudwatch_event_target",
                    "depends_on": [
                        "aws_cloudwatch_event_rule.CloudBuildEvent",
                        "aws_codebuild_project.CodeBuildProject",
                        "aws_iam_role.CloudWatchEventIAMRole"
                    ],
                    "primary": {
                        "id": "every_5_min-CodeBuild",
                        "attributes": {
                            "arn": "arn:aws:codebuild:eu-central-1:782386709904:project/aws-codebuild-test-project",
                            "id": "every_5_min-CodeBuild",
                            "input": "",
                            "input_path": "",
                            "role_arn": "arn:aws:iam::782386709904:role/service-role/aws-codebuild-test-event-role",
                            "rule": "every_5_min",
                            "target_id": "CodeBuild"
                        },
                        "meta": {},
                        "tainted": false
                    },
                    "deposed": [],
                    "provider": "provider.aws"
                },
                "aws_codebuild_project.CodeBuildProject": {
                    "type": "aws_codebuild_project",
                    "depends_on": [
                        "aws_iam_role.CodeBuildIAMRole"
                    ],
                    "primary": {
                        "id": "arn:aws:codebuild:eu-central-1:782386709904:project/aws-codebuild-test-project",
                        "attributes": {
                            "arn": "arn:aws:codebuild:eu-central-1:782386709904:project/aws-codebuild-test-project",
                            "artifacts.#": "1",
                            "artifacts.1178773975.encryption_disabled": "false",
                            "artifacts.1178773975.location": "",
                            "artifacts.1178773975.name": "",
                            "artifacts.1178773975.namespace_type": "",
                            "artifacts.1178773975.packaging": "",
                            "artifacts.1178773975.path": "",
                            "artifacts.1178773975.type": "NO_ARTIFACTS",
                            "badge_enabled": "true",
                            "badge_url": "https://codebuild.eu-central-1.amazonaws.com/badges?uuid=eyJlbmNyeXB0ZWREYXRhIjoiaXVsR043TXQvaFdMVVNzMTQyRml5WTVBb3pHTXcvVElIcFRtM21uaDAzbjZaNy8rRjFIRWxUUWVTdmo1MERvRVNhbFdsaTVhVCs5SVJIQk0zdTFtLzlJPSIsIml2UGFyYW1ldGVyU3BlYyI6InBGN3gyT0RsVHNMdHVJRzgiLCJtYXRlcmlhbFNldFNlcmlhbCI6MX0%3D\u0026branch=master",
                            "build_timeout": "5",
                            "cache.#": "1",
                            "cache.0.location": "",
                            "cache.0.type": "NO_CACHE",
                            "description": "aws-codebuild-test Deploy Project",
                            "encryption_key": "arn:aws:kms:eu-central-1:782386709904:alias/aws/s3",
                            "environment.#": "1",
                            "environment.1135650709.certificate": "",
                            "environment.1135650709.compute_type": "BUILD_GENERAL1_SMALL",
                            "environment.1135650709.environment_variable.#": "4",
                            "environment.1135650709.environment_variable.0.name": "GITHUB_USER",
                            "environment.1135650709.environment_variable.0.type": "PLAINTEXT",
                            "environment.1135650709.environment_variable.0.value": "qeqar",
                            "environment.1135650709.environment_variable.1.name": "GITHUB_AUTHOR_NAME",
                            "environment.1135650709.environment_variable.1.type": "PLAINTEXT",
                            "environment.1135650709.environment_variable.1.value": "AWS CodeBuild",
                            "environment.1135650709.environment_variable.2.name": "GITHUB_AUTHOR_EMAIL",
                            "environment.1135650709.environment_variable.2.type": "PLAINTEXT",
                            "environment.1135650709.environment_variable.2.value": "ito-peng@kaufhof.de",
                            "environment.1135650709.environment_variable.3.name": "GITHUB_ACCESS_TOKEN",
                            "environment.1135650709.environment_variable.3.type": "PARAMETER_STORE",
                            "environment.1135650709.environment_variable.3.value": "/CodeBuild/githubAccessToken",
                            "environment.1135650709.image": "aws/codebuild/standard:1.0",
                            "environment.1135650709.privileged_mode": "false",
                            "environment.1135650709.type": "LINUX_CONTAINER",
                            "id": "arn:aws:codebuild:eu-central-1:782386709904:project/aws-codebuild-test-project",
                            "name": "aws-codebuild-test-project",
                            "secondary_artifacts.#": "0",
                            "secondary_sources.#": "0",
                            "service_role": "arn:aws:iam::782386709904:role/aws-codebuild-test-service-role",
                            "source.#": "1",
                            "source.3712447676.auth.#": "0",
                            "source.3712447676.buildspec": "",
                            "source.3712447676.git_clone_depth": "0",
                            "source.3712447676.insecure_ssl": "false",
                            "source.3712447676.location": "https://github.com/qeqar/aws-codebuild-test.git",
                            "source.3712447676.report_build_status": "false",
                            "source.3712447676.type": "GITHUB",
                            "tags.%": "5",
                            "tags.author_email": "ito-peng@kaufhof.de",
                            "tags.managed_by": "Terraform",
                            "tags.project": "aws-codebuild-test",
                            "tags.subproject": "code-build",
                            "tags.terraform_source": "https://github.com/qeqar/aws-codebuild-test",
                            "vpc_config.#": "0"
                        },
                        "meta": {},
                        "tainted": false
                    },
                    "deposed": [],
                    "provider": "provider.aws"
                },
                "aws_iam_role.CloudWatchEventIAMRole": {
                    "type": "aws_iam_role",
                    "depends_on": [],
                    "primary": {
                        "id": "aws-codebuild-test-event-role",
                        "attributes": {
                            "arn": "arn:aws:iam::782386709904:role/service-role/aws-codebuild-test-event-role",
                            "assume_role_policy": "{\"Version\":\"2012-10-17\",\"Statement\":[{\"Effect\":\"Allow\",\"Principal\":{\"Service\":\"events.amazonaws.com\"},\"Action\":\"sts:AssumeRole\"}]}",
                            "create_date": "2019-04-08T05:48:07Z",
                            "description": "",
                            "force_detach_policies": "false",
                            "id": "aws-codebuild-test-event-role",
                            "max_session_duration": "3600",
                            "name": "aws-codebuild-test-event-role",
                            "path": "/service-role/",
                            "tags.%": "0",
                            "unique_id": "AROA3MKPBYWIPFATZMOHG"
                        },
                        "meta": {},
                        "tainted": false
                    },
                    "deposed": [],
                    "provider": "provider.aws"
                },
                "aws_iam_role.CodeBuildIAMRole": {
                    "type": "aws_iam_role",
                    "depends_on": [],
                    "primary": {
                        "id": "aws-codebuild-test-service-role",
                        "attributes": {
                            "arn": "arn:aws:iam::782386709904:role/aws-codebuild-test-service-role",
                            "assume_role_policy": "{\"Version\":\"2012-10-17\",\"Statement\":[{\"Effect\":\"Allow\",\"Principal\":{\"Service\":\"codebuild.amazonaws.com\"},\"Action\":\"sts:AssumeRole\"}]}",
                            "create_date": "2019-04-05T09:45:59Z",
                            "description": "",
                            "force_detach_policies": "false",
                            "id": "aws-codebuild-test-service-role",
                            "max_session_duration": "3600",
                            "name": "aws-codebuild-test-service-role",
                            "path": "/",
                            "tags.%": "0",
                            "unique_id": "AROA3MKPBYWIAEKCUQZOA"
                        },
                        "meta": {},
                        "tainted": false
                    },
                    "deposed": [],
                    "provider": "provider.aws"
                },
                "aws_iam_role_policy.CloudWatchEventIAMPolicy": {
                    "type": "aws_iam_role_policy",
                    "depends_on": [
                        "aws_codebuild_project.CodeBuildProject",
                        "aws_iam_role.CloudWatchEventIAMRole"
                    ],
                    "primary": {
                        "id": "aws-codebuild-test-event-role:terraform-20190408054808110000000001",
                        "attributes": {
                            "id": "aws-codebuild-test-event-role:terraform-20190408054808110000000001",
                            "name": "terraform-20190408054808110000000001",
                            "policy": "{\n  \"Version\": \"2012-10-17\",\n  \"Statement\": [\n    {\n      \"Effect\": \"Allow\",\n      \"Action\": [\"codebuild:StartBuild\"],\n      \"Resource\": [\n        \"arn:aws:codebuild:eu-central-1:782386709904:project/aws-codebuild-test-project\"\n      ]\n    }\n  ]\n}\n",
                            "role": "aws-codebuild-test-event-role"
                        },
                        "meta": {},
                        "tainted": false
                    },
                    "deposed": [],
                    "provider": "provider.aws"
                },
                "aws_iam_role_policy.CodeBuildIAMPolicy": {
                    "type": "aws_iam_role_policy",
                    "depends_on": [
                        "aws_codebuild_project.CodeBuildProject",
                        "aws_iam_role.CodeBuildIAMRole",
                        "data.aws_s3_bucket.CodeBuildDeployBucket"
                    ],
                    "primary": {
                        "id": "aws-codebuild-test-service-role:terraform-20190405094600151400000001",
                        "attributes": {
                            "id": "aws-codebuild-test-service-role:terraform-20190405094600151400000001",
                            "name": "terraform-20190405094600151400000001",
                            "policy": "{\n  \"Version\": \"2012-10-17\",\n  \"Statement\": [\n    {\n      \"Effect\": \"Allow\",\n      \"Resource\": [\n        \"*\"\n      ],\n      \"Action\": [\n        \"logs:CreateLogGroup\",\n        \"logs:CreateLogStream\",\n        \"logs:PutLogEvents\"\n      ]\n    },\n    {\n      \"Effect\": \"Allow\",\n      \"Action\": [\n        \"ec2:CreateNetworkInterface\",\n        \"ec2:DescribeDhcpOptions\",\n        \"ec2:DescribeNetworkInterfaces\",\n        \"ec2:DeleteNetworkInterface\",\n        \"ec2:DescribeSubnets\",\n        \"ec2:DescribeSecurityGroups\",\n        \"ec2:DescribeVpcs\"\n      ],\n      \"Resource\": \"*\"\n    },\n    {\n      \"Effect\": \"Allow\",\n      \"Action\": [\n        \"s3:*\"\n      ],\n      \"Resource\": [\n        \"arn:aws:s3:::www.feelx.de\",\n        \"arn:aws:s3:::www.feelx.de/*\"\n      ]\n    },\n    {\n      \"Effect\": \"Allow\",\n      \"Action\": [\n        \"ssm:DescribeParameters\"\n      ],\n      \"Resource\": \"*\"\n    },\n    {\n      \"Effect\": \"Allow\",\n      \"Action\": [\n        \"ssm:GetParameters\"\n      ],\n      \"Resource\": \"*\"\n    },\n    {\n      \"Effect\": \"Allow\",\n      \"Action\": [\"cloudfront:CreateInvalidation\"],\n      \"Resource\": \"*\"\n    },\n    {\n      \"Effect\": \"Allow\",\n      \"Action\": [\"codebuild:StartBuild\"],\n      \"Resource\": \"arn:aws:codebuild:eu-central-1:782386709904:project/aws-codebuild-test-project\"\n    }\n  ]\n}\n",
                            "role": "aws-codebuild-test-service-role"
                        },
                        "meta": {},
                        "tainted": false
                    },
                    "deposed": [],
                    "provider": "provider.aws"
                },
                "data.aws_s3_bucket.CodeBuildDeployBucket": {
                    "type": "aws_s3_bucket",
                    "depends_on": [],
                    "primary": {
                        "id": "www.feelx.de",
                        "attributes": {
                            "arn": "arn:aws:s3:::www.feelx.de",
                            "bucket": "www.feelx.de",
                            "bucket_domain_name": "www.feelx.de.s3.amazonaws.com",
                            "hosted_zone_id": "Z21DNDUVLTQW6Q",
                            "id": "www.feelx.de",
                            "region": "eu-central-1",
                            "website_domain": "s3-website.eu-central-1.amazonaws.com",
                            "website_endpoint": "www.feelx.de.s3-website.eu-central-1.amazonaws.com"
                        },
                        "meta": {},
                        "tainted": false
                    },
                    "deposed": [],
                    "provider": "provider.aws"
                }
            },
            "depends_on": []
        }
    ]
}
